// !$*UTF8*$!
{
	archiveVersion = 1;
	classes = {
	};
	objectVersion = 51;
	objects = {

/* Begin PBXBuildFile section */
		55FA3074F40F10B8137FC767 /* Pods_firebase1.framework in Frameworks */ = {isa = PBXBuildFile; fileRef = 924CA5EA51901C3DC2240432 /* Pods_firebase1.framework */; };
		8A5EE488262987FD005A9B05 /* AppDelegate.swift in Sources */ = {isa = PBXBuildFile; fileRef = 8A5EE487262987FD005A9B05 /* AppDelegate.swift */; };
		8A5EE48A262987FD005A9B05 /* SceneDelegate.swift in Sources */ = {isa = PBXBuildFile; fileRef = 8A5EE489262987FD005A9B05 /* SceneDelegate.swift */; };
		8A5EE48C262987FD005A9B05 /* ViewController.swift in Sources */ = {isa = PBXBuildFile; fileRef = 8A5EE48B262987FD005A9B05 /* ViewController.swift */; };
		8A5EE48F262987FD005A9B05 /* Main.storyboard in Resources */ = {isa = PBXBuildFile; fileRef = 8A5EE48D262987FD005A9B05 /* Main.storyboard */; };
		8A5EE49126298805005A9B05 /* Assets.xcassets in Resources */ = {isa = PBXBuildFile; fileRef = 8A5EE49026298805005A9B05 /* Assets.xcassets */; };
		8A5EE49426298805005A9B05 /* LaunchScreen.storyboard in Resources */ = {isa = PBXBuildFile; fileRef = 8A5EE49226298805005A9B05 /* LaunchScreen.storyboard */; };
		8A5EE49E262989A4005A9B05 /* GoogleService-Info.plist in Resources */ = {isa = PBXBuildFile; fileRef = 8A5EE49D262989A4005A9B05 /* GoogleService-Info.plist */; };
		8A5EE4B526298D95005A9B05 /* responseViewController.swift in Sources */ = {isa = PBXBuildFile; fileRef = 8A5EE4B426298D95005A9B05 /* responseViewController.swift */; };
		8A5EE4B9262998DF005A9B05 /* text.swift in Sources */ = {isa = PBXBuildFile; fileRef = 8A5EE4B8262998DF005A9B05 /* text.swift */; };
/* End PBXBuildFile section */

/* Begin PBXFileReference section */
		800D26EE991127FAC222D06F /* Pods-firebase1.release.xcconfig */ = {isa = PBXFileReference; includeInIndex = 1; lastKnownFileType = text.xcconfig; name = "Pods-firebase1.release.xcconfig"; path = "Target Support Files/Pods-firebase1/Pods-firebase1.release.xcconfig"; sourceTree = "<group>"; };
		8A5EE484262987FD005A9B05 /* firebase1.app */ = {isa = PBXFileReference; explicitFileType = wrapper.application; includeInIndex = 0; path = firebase1.app; sourceTree = BUILT_PRODUCTS_DIR; };
		8A5EE487262987FD005A9B05 /* AppDelegate.swift */ = {isa = PBXFileReference; lastKnownFileType = sourcecode.swift; path = AppDelegate.swift; sourceTree = "<group>"; };
		8A5EE489262987FD005A9B05 /* SceneDelegate.swift */ = {isa = PBXFileReference; lastKnownFileType = sourcecode.swift; path = SceneDelegate.swift; sourceTree = "<group>"; };
		8A5EE48B262987FD005A9B05 /* ViewController.swift */ = {isa = PBXFileReference; lastKnownFileType = sourcecode.swift; path = ViewController.swift; sourceTree = "<group>"; };
		8A5EE48E262987FD005A9B05 /* Base */ = {isa = PBXFileReference; lastKnownFileType = file.storyboard; name = Base; path = Base.lproj/Main.storyboard; sourceTree = "<group>"; };
		8A5EE49026298805005A9B05 /* Assets.xcassets */ = {isa = PBXFileReference; lastKnownFileType = folder.assetcatalog; path = Assets.xcassets; sourceTree = "<group>"; };
		8A5EE49326298805005A9B05 /* Base */ = {isa = PBXFileReference; lastKnownFileType = file.storyboard; name = Base; path = Base.lproj/LaunchScreen.storyboard; sourceTree = "<group>"; };
		8A5EE49526298805005A9B05 /* Info.plist */ = {isa = PBXFileReference; lastKnownFileType = text.plist.xml; path = Info.plist; sourceTree = "<group>"; };
		8A5EE49D262989A4005A9B05 /* GoogleService-Info.plist */ = {isa = PBXFileReference; fileEncoding = 4; lastKnownFileType = text.plist.xml; path = "GoogleService-Info.plist"; sourceTree = "<group>"; };
		8A5EE4B426298D95005A9B05 /* responseViewController.swift */ = {isa = PBXFileReference; lastKnownFileType = sourcecode.swift; path = responseViewController.swift; sourceTree = "<group>"; };
		8A5EE4B8262998DF005A9B05 /* text.swift */ = {isa = PBXFileReference; lastKnownFileType = sourcecode.swift; path = text.swift; sourceTree = "<group>"; };
		924CA5EA51901C3DC2240432 /* Pods_firebase1.framework */ = {isa = PBXFileReference; explicitFileType = wrapper.framework; includeInIndex = 0; path = Pods_firebase1.framework; sourceTree = BUILT_PRODUCTS_DIR; };
		B1ECF53D459581071A63A9D9 /* Pods-firebase1.debug.xcconfig */ = {isa = PBXFileReference; includeInIndex = 1; lastKnownFileType = text.xcconfig; name = "Pods-firebase1.debug.xcconfig"; path = "Target Support Files/Pods-firebase1/Pods-firebase1.debug.xcconfig"; sourceTree = "<group>"; };
/* End PBXFileReference section */

/* Begin PBXFrameworksBuildPhase section */
		8A5EE481262987FD005A9B05 /* Frameworks */ = {
			isa = PBXFrameworksBuildPhase;
			buildActionMask = 2147483647;
			files = (
				55FA3074F40F10B8137FC767 /* Pods_firebase1.framework in Frameworks */,
			);
			runOnlyForDeploymentPostprocessing = 0;
		};
/* End PBXFrameworksBuildPhase section */

/* Begin PBXGroup section */
		3F6FB2F35E053B1BF86679FE /* Pods */ = {
			isa = PBXGroup;
			children = (
				B1ECF53D459581071A63A9D9 /* Pods-firebase1.debug.xcconfig */,
				800D26EE991127FAC222D06F /* Pods-firebase1.release.xcconfig */,
			);
			path = Pods;
			sourceTree = "<group>";
		};
		85FBA44C1CD902AF06206C0E /* Frameworks */ = {
			isa = PBXGroup;
			children = (
				924CA5EA51901C3DC2240432 /* Pods_firebase1.framework */,
			);
			name = Frameworks;
			sourceTree = "<group>";
		};
		8A5EE47B262987FD005A9B05 = {
			isa = PBXGroup;
			children = (
				8A5EE486262987FD005A9B05 /* firebase1 */,
				8A5EE485262987FD005A9B05 /* Products */,
				3F6FB2F35E053B1BF86679FE /* Pods */,
				85FBA44C1CD902AF06206C0E /* Frameworks */,
			);
			sourceTree = "<group>";
		};
		8A5EE485262987FD005A9B05 /* Products */ = {
			isa = PBXGroup;
			children = (
				8A5EE484262987FD005A9B05 /* firebase1.app */,
			);
			name = Products;
			sourceTree = "<group>";
		};
		8A5EE486262987FD005A9B05 /* firebase1 */ = {
			isa = PBXGroup;
			children = (
				8A5EE487262987FD005A9B05 /* AppDelegate.swift */,
				8A5EE489262987FD005A9B05 /* SceneDelegate.swift */,
				8A5EE4B8262998DF005A9B05 /* text.swift */,
				8A5EE48B262987FD005A9B05 /* ViewController.swift */,
				8A5EE4B426298D95005A9B05 /* responseViewController.swift */,
				8A5EE48D262987FD005A9B05 /* Main.storyboard */,
				8A5EE49026298805005A9B05 /* Assets.xcassets */,
				8A5EE49226298805005A9B05 /* LaunchScreen.storyboard */,
				8A5EE49526298805005A9B05 /* Info.plist */,
				8A5EE49D262989A4005A9B05 /* GoogleService-Info.plist */,
			);
			path = firebase1;
			sourceTree = "<group>";
		};
/* End PBXGroup section */

/* Begin PBXNativeTarget section */
		8A5EE483262987FD005A9B05 /* firebase1 */ = {
			isa = PBXNativeTarget;
			buildConfigurationList = 8A5EE49826298805005A9B05 /* Build configuration list for PBXNativeTarget "firebase1" */;
			buildPhases = (
				740C3D495D0820AF47FAFA4D /* [CP] Check Pods Manifest.lock */,
				8A5EE480262987FD005A9B05 /* Sources */,
				8A5EE481262987FD005A9B05 /* Frameworks */,
				8A5EE482262987FD005A9B05 /* Resources */,
				A756023EAA90F097CC1442A5 /* [CP] Embed Pods Frameworks */,
			);
			buildRules = (
			);
			dependencies = (
			);
			name = firebase1;
			productName = firebase1;
			productReference = 8A5EE484262987FD005A9B05 /* firebase1.app */;
			productType = "com.apple.product-type.application";
		};
/* End PBXNativeTarget section */

/* Begin PBXProject section */
		8A5EE47C262987FD005A9B05 /* Project object */ = {
			isa = PBXProject;
			attributes = {
				LastSwiftUpdateCheck = 1240;
				LastUpgradeCheck = 1240;
				TargetAttributes = {
					8A5EE483262987FD005A9B05 = {
						CreatedOnToolsVersion = 12.4;
					};
				};
			};
			buildConfigurationList = 8A5EE47F262987FD005A9B05 /* Build configuration list for PBXProject "firebase1" */;
			compatibilityVersion = "Xcode 9.3";
			developmentRegion = en;
			hasScannedForEncodings = 0;
			knownRegions = (
				en,
				Base,
			);
			mainGroup = 8A5EE47B262987FD005A9B05;
			productRefGroup = 8A5EE485262987FD005A9B05 /* Products */;
			projectDirPath = "";
			projectRoot = "";
			targets = (
				8A5EE483262987FD005A9B05 /* firebase1 */,
			);
		};
/* End PBXProject section */

/* Begin PBXResourcesBuildPhase section */
		8A5EE482262987FD005A9B05 /* Resources */ = {
			isa = PBXResourcesBuildPhase;
			buildActionMask = 2147483647;
			files = (
				8A5EE49426298805005A9B05 /* LaunchScreen.storyboard in Resources */,
				8A5EE49E262989A4005A9B05 /* GoogleService-Info.plist in Resources */,
				8A5EE49126298805005A9B05 /* Assets.xcassets in Resources */,
				8A5EE48F262987FD005A9B05 /* Main.storyboard in Resources */,
			);
			runOnlyForDeploymentPostprocessing = 0;
		};
/* End PBXResourcesBuildPhase section */

/* Begin PBXShellScriptBuildPhase section */
		740C3D495D0820AF47FAFA4D /* [CP] Check Pods Manifest.lock */ = {
			isa = PBXShellScriptBuildPhase;
			buildActionMask = 2147483647;
			files = (
			);
			inputFileListPaths = (
			);
			inputPaths = (
				"${PODS_PODFILE_DIR_PATH}/Podfile.lock",
				"${PODS_ROOT}/Manifest.lock",
			);
			name = "[CP] Check Pods Manifest.lock";
			outputFileListPaths = (
			);
			outputPaths = (
				"$(DERIVED_FILE_DIR)/Pods-firebase1-checkManifestLockResult.txt",
			);
			runOnlyForDeploymentPostprocessing = 0;
			shellPath = /bin/sh;
			shellScript = "diff \"${PODS_PODFILE_DIR_PATH}/Podfile.lock\" \"${PODS_ROOT}/Manifest.lock\" > /dev/null\nif [ $? != 0 ] ; then\n    # print error to STDERR\n    echo \"error: The sandbox is not in sync with the Podfile.lock. Run 'pod install' or update your CocoaPods installation.\" >&2\n    exit 1\nfi\n# This output is used by Xcode 'outputs' to avoid re-running this script phase.\necho \"SUCCESS\" > \"${SCRIPT_OUTPUT_FILE_0}\"\n";
			showEnvVarsInLog = 0;
		};
		A756023EAA90F097CC1442A5 /* [CP] Embed Pods Frameworks */ = {
			isa = PBXShellScriptBuildPhase;
			buildActionMask = 2147483647;
			files = (
			);
			inputFileListPaths = (
				"${PODS_ROOT}/Target Support Files/Pods-firebase1/Pods-firebase1-frameworks-${CONFIGURATION}-input-files.xcfilelist",
			);
			name = "[CP] Embed Pods Frameworks";
			outputFileListPaths = (
				"${PODS_ROOT}/Target Support Files/Pods-firebase1/Pods-firebase1-frameworks-${CONFIGURATION}-output-files.xcfilelist",
			);
			runOnlyForDeploymentPostprocessing = 0;
			shellPath = /bin/sh;
			shellScript = "\"${PODS_ROOT}/Target Support Files/Pods-firebase1/Pods-firebase1-frameworks.sh\"\n";
			showEnvVarsInLog = 0;
		};
/* End PBXShellScriptBuildPhase section */

/* Begin PBXSourcesBuildPhase section */
		8A5EE480262987FD005A9B05 /* Sources */ = {
			isa = PBXSourcesBuildPhase;
			buildActionMask = 2147483647;
			files = (
				8A5EE48C262987FD005A9B05 /* ViewController.swift in Sources */,
				8A5EE488262987FD005A9B05 /* AppDelegate.swift in Sources */,
				8A5EE48A262987FD005A9B05 /* SceneDelegate.swift in Sources */,
				8A5EE4B9262998DF005A9B05 /* text.swift in Sources */,
				8A5EE4B526298D95005A9B05 /* responseViewController.swift in Sources */,
			);
			runOnlyForDeploymentPostprocessing = 0;
		};
/* End PBXSourcesBuildPhase section */

/* Begin PBXVariantGroup section */
		8A5EE48D262987FD005A9B05 /* Main.storyboard */ = {
			isa = PBXVariantGroup;
			children = (
				8A5EE48E262987FD005A9B05 /* Base */,
			);
			name = Main.storyboard;
			sourceTree = "<group>";
		};
		8A5EE49226298805005A9B05 /* LaunchScreen.storyboard */ = {
			isa = PBXVariantGroup;
			children = (
				8A5EE49326298805005A9B05 /* Base */,
			);
			name = LaunchScreen.storyboard;
			sourceTree = "<group>";
		};
/* End PBXVariantGroup section */

/* Begin XCBuildConfiguration section */
		8A5EE49626298805005A9B05 /* Debug */ = {
			isa = XCBuildConfiguration;
			buildSettings = {
				ALWAYS_SEARCH_USER_PATHS = NO;
				CLANG_ANALYZER_NONNULL = YES;
				CLANG_ANALYZER_NUMBER_OBJECT_CONVERSION = YES_AGGRESSIVE;
				CLANG_CXX_LANGUAGE_STANDARD = "gnu++14";
				CLANG_CXX_LIBRARY = "libc++";
				CLANG_ENABLE_MODULES = YES;
				CLANG_ENABLE_OBJC_ARC = YES;
				CLANG_ENABLE_OBJC_WEAK = YES;
				CLANG_WARN_BLOCK_CAPTURE_AUTORELEASING = YES;
				CLANG_WARN_BOOL_CONVERSION = YES;
				CLANG_WARN_COMMA = YES;
				CLANG_WARN_CONSTANT_CONVERSION = YES;
				CLANG_WARN_DEPRECATED_OBJC_IMPLEMENTATIONS = YES;
				CLANG_WARN_DIRECT_OBJC_ISA_USAGE = YES_ERROR;
				CLANG_WARN_DOCUMENTATION_COMMENTS = YES;
				CLANG_WARN_EMPTY_BODY = YES;
				CLANG_WARN_ENUM_CONVERSION = YES;
				CLANG_WARN_INFINITE_RECURSION = YES;
				CLANG_WARN_INT_CONVERSION = YES;
				CLANG_WARN_NON_LITERAL_NULL_CONVERSION = YES;
				CLANG_WARN_OBJC_IMPLICIT_RETAIN_SELF = YES;
				CLANG_WARN_OBJC_LITERAL_CONVERSION = YES;
				CLANG_WARN_OBJC_ROOT_CLASS = YES_ERROR;
				CLANG_WARN_QUOTED_INCLUDE_IN_FRAMEWORK_HEADER = YES;
				CLANG_WARN_RANGE_LOOP_ANALYSIS = YES;
				CLANG_WARN_STRICT_PROTOTYPES = YES;
				CLANG_WARN_SUSPICIOUS_MOVE = YES;
				CLANG_WARN_UNGUARDED_AVAILABILITY = YES_AGGRESSIVE;
				CLANG_WARN_UNREACHABLE_CODE = YES;
				CLANG_WARN__DUPLICATE_METHOD_MATCH = YES;
				COPY_PHASE_STRIP = NO;
				DEBUG_INFORMATION_FORMAT = dwarf;
				ENABLE_STRICT_OBJC_MSGSEND = YES;
				ENABLE_TESTABILITY = YES;
				GCC_C_LANGUAGE_STANDARD = gnu11;
				GCC_DYNAMIC_NO_PIC = NO;
				GCC_NO_COMMON_BLOCKS = YES;
				GCC_OPTIMIZATION_LEVEL = 0;
				GCC_PREPROCESSOR_DEFINITIONS = (
					"DEBUG=1",
					"$(inherited)",
				);
				GCC_WARN_64_TO_32_BIT_CONVERSION = YES;
				GCC_WARN_ABOUT_RETURN_TYPE = YES_ERROR;
				GCC_WARN_UNDECLARED_SELECTOR = YES;
				GCC_WARN_UNINITIALIZED_AUTOS = YES_AGGRESSIVE;
				GCC_WARN_UNUSED_FUNCTION = YES;
				GCC_WARN_UNUSED_VARIABLE = YES;
				IPHONEOS_DEPLOYMENT_TARGET = 14.4;
				MTL_ENABLE_DEBUG_INFO = INCLUDE_SOURCE;
				MTL_FAST_MATH = YES;
				ONLY_ACTIVE_ARCH = YES;
				SDKROOT = iphoneos;
				SWIFT_ACTIVE_COMPILATION_CONDITIONS = DEBUG;
				SWIFT_OPTIMIZATION_LEVEL = "-Onone";
			};
			name = Debug;
		};
		8A5EE49726298805005A9B05 /* Release */ = {
			isa = XCBuildConfiguration;
			buildSettings = {
				ALWAYS_SEARCH_USER_PATHS = NO;
				CLANG_ANALYZER_NONNULL = YES;
				CLANG_ANALYZER_NUMBER_OBJECT_CONVERSION = YES_AGGRESSIVE;
				CLANG_CXX_LANGUAGE_STANDARD = "gnu++14";
				CLANG_CXX_LIBRARY = "libc++";
				CLANG_ENABLE_MODULES = YES;
				CLANG_ENABLE_OBJC_ARC = YES;
				CLANG_ENABLE_OBJC_WEAK = YES;
				CLANG_WARN_BLOCK_CAPTURE_AUTORELEASING = YES;
				CLANG_WARN_BOOL_CONVERSION = YES;
				CLANG_WARN_COMMA = YES;
				CLANG_WARN_CONSTANT_CONVERSION = YES;
				CLANG_WARN_DEPRECATED_OBJC_IMPLEMENTATIONS = YES;
				CLANG_WARN_DIRECT_OBJC_ISA_USAGE = YES_ERROR;
				CLANG_WARN_DOCUMENTATION_COMMENTS = YES;
				CLANG_WARN_EMPTY_BODY = YES;
				CLANG_WARN_ENUM_CONVERSION = YES;
				CLANG_WARN_INFINITE_RECURSION = YES;
				CLANG_WARN_INT_CONVERSION = YES;
				CLANG_WARN_NON_LITERAL_NULL_CONVERSION = YES;
				CLANG_WARN_OBJC_IMPLICIT_RETAIN_SELF = YES;
				CLANG_WARN_OBJC_LITERAL_CONVERSION = YES;
				CLANG_WARN_OBJC_ROOT_CLASS = YES_ERROR;
				CLANG_WARN_QUOTED_INCLUDE_IN_FRAMEWORK_HEADER = YES;
				CLANG_WARN_RANGE_LOOP_ANALYSIS = YES;
				CLANG_WARN_STRICT_PROTOTYPES = YES;
				CLANG_WARN_SUSPICIOUS_MOVE = YES;
				CLANG_WARN_UNGUARDED_AVAILABILITY = YES_AGGRESSIVE;
				CLANG_WARN_UNREACHABLE_CODE = YES;
				CLANG_WARN__DUPLICATE_METHOD_MATCH = YES;
				COPY_PHASE_STRIP = NO;
				DEBUG_INFORMATION_FORMAT = "dwarf-with-dsym";
				ENABLE_NS_ASSERTIONS = NO;
				ENABLE_STRICT_OBJC_MSGSEND = YES;
				GCC_C_LANGUAGE_STANDARD = gnu11;
				GCC_NO_COMMON_BLOCKS = YES;
				GCC_WARN_64_TO_32_BIT_CONVERSION = YES;
				GCC_WARN_ABOUT_RETURN_TYPE = YES_ERROR;
				GCC_WARN_UNDECLARED_SELECTOR = YES;
				GCC_WARN_UNINITIALIZED_AUTOS = YES_AGGRESSIVE;
				GCC_WARN_UNUSED_FUNCTION = YES;
				GCC_WARN_UNUSED_VARIABLE = YES;
				IPHONEOS_DEPLOYMENT_TARGET = 14.4;
				MTL_ENABLE_DEBUG_INFO = NO;
				MTL_FAST_MATH = YES;
				SDKROOT = iphoneos;
				SWIFT_COMPILATION_MODE = wholemodule;
				SWIFT_OPTIMIZATION_LEVEL = "-O";
				VALIDATE_PRODUCT = YES;
			};
			name = Release;
		};
		8A5EE49926298805005A9B05 /* Debug */ = {
			isa = XCBuildConfiguration;
			baseConfigurationReference = B1ECF53D459581071A63A9D9 /* Pods-firebase1.debug.xcconfig */;
			buildSettings = {
				ASSETCATALOG_COMPILER_APPICON_NAME = AppIcon;
				ASSETCATALOG_COMPILER_GLOBAL_ACCENT_COLOR_NAME = AccentColor;
				CODE_SIGN_STYLE = Automatic;
				DEVELOPMENT_TEAM = 827H72CABH;
				INFOPLIST_FILE = firebase1/Info.plist;
				LD_RUNPATH_SEARCH_PATHS = (
					"$(inherited)",
					"@executable_path/Frameworks",
				);
				PRODUCT_BUNDLE_IDENTIFIER = com.koichi.firebase1;
				PRODUCT_NAME = "$(TARGET_NAME)";
				SWIFT_VERSION = 5.0;
				TARGETED_DEVICE_FAMILY = 1;
			};
			name = Debug;
		};
		8A5EE49A26298805005A9B05 /* Release */ = {
			isa = XCBuildConfiguration;
			baseConfigurationReference = 800D26EE991127FAC222D06F /* Pods-firebase1.release.xcconfig */;
			buildSettings = {
				ASSETCATALOG_COMPILER_APPICON_NAME = AppIcon;
				ASSETCATALOG_COMPILER_GLOBAL_ACCENT_COLOR_NAME = AccentColor;
				CODE_SIGN_STYLE = Automatic;
				DEVELOPMENT_TEAM = 827H72CABH;
				INFOPLIST_FILE = firebase1/Info.plist;
				LD_RUNPATH_SEARCH_PATHS = (
					"$(inherited)",
					"@executable_path/Frameworks",
				);
				PRODUCT_BUNDLE_IDENTIFIER = com.koichi.firebase1;
				PRODUCT_NAME = "$(TARGET_NAME)";
				SWIFT_VERSION = 5.0;
				TARGETED_DEVICE_FAMILY = 1;
			};
			name = Release;
		};
/* End XCBuildConfiguration section */

/* Begin XCConfigurationList section */
		8A5EE47F262987FD005A9B05 /* Build configuration list for PBXProject "firebase1" */ = {
			isa = XCConfigurationList;
			buildConfigurations = (
				8A5EE49626298805005A9B05 /* Debug */,
				8A5EE49726298805005A9B05 /* Release */,
			);
			defaultConfigurationIsVisible = 0;
			defaultConfigurationName = Release;
		};
		8A5EE49826298805005A9B05 /* Build configuration list for PBXNativeTarget "firebase1" */ = {
			isa = XCConfigurationList;
			buildConfigurations = (
				8A5EE49926298805005A9B05 /* Debug */,
				8A5EE49A26298805005A9B05 /* Release */,
			);
			defaultConfigurationIsVisible = 0;
			defaultConfigurationName = Release;
		};
/* End XCConfigurationList section */
	};
	rootObject = 8A5EE47C262987FD005A9B05 /* Project object */;
}
